// !$*UTF8*$!
{
	archiveVersion = 1;
	classes = {
	};
	objectVersion = 46;
	objects = {

/* Begin PBXBuildFile section */
		006D720419952D00008149E2 /* AVFoundation.framework in Frameworks */ = {isa = PBXBuildFile; fileRef = 006D720219952D00008149E2 /* AVFoundation.framework */; };
		006D720519952D00008149E2 /* CoreMedia.framework in Frameworks */ = {isa = PBXBuildFile; fileRef = 006D720319952D00008149E2 /* CoreMedia.framework */; };
		0091D8F90E81B9330029341E /* OpenGL.framework in Frameworks */ = {isa = PBXBuildFile; fileRef = 0091D8F80E81B9330029341E /* OpenGL.framework */; };
		00B784B30FF439BC000DE1D7 /* Accelerate.framework in Frameworks */ = {isa = PBXBuildFile; fileRef = 00B784AF0FF439BC000DE1D7 /* Accelerate.framework */; };
		00B784B40FF439BC000DE1D7 /* AudioToolbox.framework in Frameworks */ = {isa = PBXBuildFile; fileRef = 00B784B00FF439BC000DE1D7 /* AudioToolbox.framework */; };
		00B784B50FF439BC000DE1D7 /* AudioUnit.framework in Frameworks */ = {isa = PBXBuildFile; fileRef = 00B784B10FF439BC000DE1D7 /* AudioUnit.framework */; };
		00B784B60FF439BC000DE1D7 /* CoreAudio.framework in Frameworks */ = {isa = PBXBuildFile; fileRef = 00B784B20FF439BC000DE1D7 /* CoreAudio.framework */; };
		00B9955A1B128DF400A5C623 /* IOKit.framework in Frameworks */ = {isa = PBXBuildFile; fileRef = 00B995581B128DF400A5C623 /* IOKit.framework */; };
		00B9955B1B128DF400A5C623 /* IOSurface.framework in Frameworks */ = {isa = PBXBuildFile; fileRef = 00B995591B128DF400A5C623 /* IOSurface.framework */; };
		1D089174B5C348B8A0C3A097 /* Transform.cpp in Sources */ = {isa = PBXBuildFile; fileRef = 61A5F37C4DED44E1A25E8424 /* Transform.cpp */; };
		32F913F8D6FF489AA1C07557 /* imgui_draw.cpp in Sources */ = {isa = PBXBuildFile; fileRef = FB5FE6950E7B4294AFF6EFDD /* imgui_draw.cpp */; };
		3F5BC941D93C4FFE8F2E0103 /* imgui_demo.cpp in Sources */ = {isa = PBXBuildFile; fileRef = 8785915FB59442D694DF2EE8 /* imgui_demo.cpp */; };
		5207088B133F411383A484C6 /* CinderImGui.cpp in Sources */ = {isa = PBXBuildFile; fileRef = C082DD0A07624F59A12F773C /* CinderImGui.cpp */; };
		5323E6B20EAFCA74003A9687 /* CoreVideo.framework in Frameworks */ = {isa = PBXBuildFile; fileRef = 5323E6B10EAFCA74003A9687 /* CoreVideo.framework */; };
		6EF54397A28D41088F443B87 /* DrawSystem.cpp in Sources */ = {isa = PBXBuildFile; fileRef = D444EF652BF74D80AB038F80 /* DrawSystem.cpp */; };
		7AD96DC927E148A38800C1A6 /* rawptrApp.cpp in Sources */ = {isa = PBXBuildFile; fileRef = 9054C71A78984189A77825A2 /* rawptrApp.cpp */; };
		8D11072F0486CEB800E47090 /* Cocoa.framework in Frameworks */ = {isa = PBXBuildFile; fileRef = 1058C7A1FEA54F0111CA2CBB /* Cocoa.framework */; };
		BECE1CE59ECE42438CA3534D /* imgui.cpp in Sources */ = {isa = PBXBuildFile; fileRef = 586864210E574F499087BAB7 /* imgui.cpp */; };
		BEE503C8966E42BDA8AC4EDD /* Entity.cpp in Sources */ = {isa = PBXBuildFile; fileRef = 3FED81D7E5C84FEE8B54C046 /* Entity.cpp */; };
		C8901B70835B4C1CAFE20C88 /* UpdateDrawables.cpp in Sources */ = {isa = PBXBuildFile; fileRef = 2985BB4058BC424886CEFAFD /* UpdateDrawables.cpp */; };
		CEEF3427D1A84907AF64AD80 /* System.cpp in Sources */ = {isa = PBXBuildFile; fileRef = 69F5B82B39E544A695EF5B19 /* System.cpp */; };
		DADE52605B68424BA1B1DB23 /* CinderApp.icns in Resources */ = {isa = PBXBuildFile; fileRef = DAF226EB6D984318BB13C9DB /* CinderApp.icns */; };
/* End PBXBuildFile section */

/* Begin PBXFileReference section */
		006D720219952D00008149E2 /* AVFoundation.framework */ = {isa = PBXFileReference; lastKnownFileType = wrapper.framework; name = AVFoundation.framework; path = System/Library/Frameworks/AVFoundation.framework; sourceTree = SDKROOT; };
		006D720319952D00008149E2 /* CoreMedia.framework */ = {isa = PBXFileReference; lastKnownFileType = wrapper.framework; name = CoreMedia.framework; path = System/Library/Frameworks/CoreMedia.framework; sourceTree = SDKROOT; };
		0091D8F80E81B9330029341E /* OpenGL.framework */ = {isa = PBXFileReference; lastKnownFileType = wrapper.framework; name = OpenGL.framework; path = /System/Library/Frameworks/OpenGL.framework; sourceTree = "<absolute>"; };
		00B784AF0FF439BC000DE1D7 /* Accelerate.framework */ = {isa = PBXFileReference; lastKnownFileType = wrapper.framework; name = Accelerate.framework; path = System/Library/Frameworks/Accelerate.framework; sourceTree = SDKROOT; };
		00B784B00FF439BC000DE1D7 /* AudioToolbox.framework */ = {isa = PBXFileReference; lastKnownFileType = wrapper.framework; name = AudioToolbox.framework; path = System/Library/Frameworks/AudioToolbox.framework; sourceTree = SDKROOT; };
		00B784B10FF439BC000DE1D7 /* AudioUnit.framework */ = {isa = PBXFileReference; lastKnownFileType = wrapper.framework; name = AudioUnit.framework; path = System/Library/Frameworks/AudioUnit.framework; sourceTree = SDKROOT; };
		00B784B20FF439BC000DE1D7 /* CoreAudio.framework */ = {isa = PBXFileReference; lastKnownFileType = wrapper.framework; name = CoreAudio.framework; path = System/Library/Frameworks/CoreAudio.framework; sourceTree = SDKROOT; };
		00B995581B128DF400A5C623 /* IOKit.framework */ = {isa = PBXFileReference; lastKnownFileType = wrapper.framework; name = IOKit.framework; path = System/Library/Frameworks/IOKit.framework; sourceTree = SDKROOT; };
		00B995591B128DF400A5C623 /* IOSurface.framework */ = {isa = PBXFileReference; lastKnownFileType = wrapper.framework; name = IOSurface.framework; path = System/Library/Frameworks/IOSurface.framework; sourceTree = SDKROOT; };
		0A63E9B1E5C24400AD4EAB72 /* TransformSystem.h */ = {isa = PBXFileReference; lastKnownFileType = sourcecode.c.h; name = TransformSystem.h; path = ../../../src/Utils/TransformSystem.h; sourceTree = "<group>"; };
		1058C7A1FEA54F0111CA2CBB /* Cocoa.framework */ = {isa = PBXFileReference; lastKnownFileType = wrapper.framework; name = Cocoa.framework; path = /System/Library/Frameworks/Cocoa.framework; sourceTree = "<absolute>"; };
		1478B227211F4376822DBF15 /* Manager.h */ = {isa = PBXFileReference; lastKnownFileType = sourcecode.c.h; name = Manager.h; path = ../../../src/ecs/Manager.h; sourceTree = "<group>"; };
		1EFFD23F080E43BF80D3257F /* imconfig.h */ = {isa = PBXFileReference; lastKnownFileType = sourcecode.c.h; name = imconfig.h; path = "../../../../_Cinder-ImGui/lib/imgui/imconfig.h"; sourceTree = "<group>"; };
		2985BB4058BC424886CEFAFD /* UpdateDrawables.cpp */ = {isa = PBXFileReference; lastKnownFileType = sourcecode.c.cpp; name = UpdateDrawables.cpp; path = ../../../src/Utils/UpdateDrawables.cpp; sourceTree = "<group>"; };
		29B97324FDCFA39411CA2CEA /* AppKit.framework */ = {isa = PBXFileReference; lastKnownFileType = wrapper.framework; name = AppKit.framework; path = /System/Library/Frameworks/AppKit.framework; sourceTree = "<absolute>"; };
		29B97325FDCFA39411CA2CEA /* Foundation.framework */ = {isa = PBXFileReference; lastKnownFileType = wrapper.framework; name = Foundation.framework; path = /System/Library/Frameworks/Foundation.framework; sourceTree = "<absolute>"; };
		2D64AACB48DA491997E1DC26 /* System.h */ = {isa = PBXFileReference; lastKnownFileType = sourcecode.c.h; name = System.h; path = ../../../src/ecs/System.h; sourceTree = "<group>"; };
		3FED81D7E5C84FEE8B54C046 /* Entity.cpp */ = {isa = PBXFileReference; lastKnownFileType = sourcecode.c.cpp; name = Entity.cpp; path = ../../../src/ecs/Entity.cpp; sourceTree = "<group>"; };
		5323E6B10EAFCA74003A9687 /* CoreVideo.framework */ = {isa = PBXFileReference; lastKnownFileType = wrapper.framework; name = CoreVideo.framework; path = /System/Library/Frameworks/CoreVideo.framework; sourceTree = "<absolute>"; };
		532B9B0535BA4295B17279EC /* Resources.h */ = {isa = PBXFileReference; lastKnownFileType = sourcecode.c.h; name = Resources.h; path = ../include/Resources.h; sourceTree = "<group>"; };
		586864210E574F499087BAB7 /* imgui.cpp */ = {isa = PBXFileReference; lastKnownFileType = sourcecode.c.cpp; name = imgui.cpp; path = "../../../../_Cinder-ImGui/lib/imgui/imgui.cpp"; sourceTree = "<group>"; };
		61A5F37C4DED44E1A25E8424 /* Transform.cpp */ = {isa = PBXFileReference; lastKnownFileType = sourcecode.c.cpp; name = Transform.cpp; path = ../../../src/Utils/Transform.cpp; sourceTree = "<group>"; };
		69F5B82B39E544A695EF5B19 /* System.cpp */ = {isa = PBXFileReference; lastKnownFileType = sourcecode.c.cpp; name = System.cpp; path = ../../../src/ecs/System.cpp; sourceTree = "<group>"; };
		8785915FB59442D694DF2EE8 /* imgui_demo.cpp */ = {isa = PBXFileReference; lastKnownFileType = sourcecode.c.cpp; name = imgui_demo.cpp; path = "../../../../_Cinder-ImGui/lib/imgui/imgui_demo.cpp"; sourceTree = "<group>"; };
		8C814635D4C74E78AA136326 /* DrawSystem.h */ = {isa = PBXFileReference; lastKnownFileType = sourcecode.c.h; name = DrawSystem.h; path = ../../../src/Utils/DrawSystem.h; sourceTree = "<group>"; };
		8D1107320486CEB800E47090 /* rawptr.app */ = {isa = PBXFileReference; explicitFileType = wrapper.application; includeInIndex = 0; path = rawptr.app; sourceTree = BUILT_PRODUCTS_DIR; };
		8E56F2F6C28146C08BA1A724 /* CinderImGui.h */ = {isa = PBXFileReference; lastKnownFileType = sourcecode.c.h; name = CinderImGui.h; path = "../../../../_Cinder-ImGui/include/CinderImGui.h"; sourceTree = "<group>"; };
		9054C71A78984189A77825A2 /* rawptrApp.cpp */ = {isa = PBXFileReference; lastKnownFileType = sourcecode.c.cpp; name = rawptrApp.cpp; path = ../src/rawptrApp.cpp; sourceTree = "<group>"; };
		94FDC579CF074FB199C7BCB9 /* rawptr_Prefix.pch */ = {isa = PBXFileReference; lastKnownFileType = "\"\""; path = rawptr_Prefix.pch; sourceTree = "<group>"; };
		981DC998D1134035BE97D04C /* Info.plist */ = {isa = PBXFileReference; lastKnownFileType = text.plist.xml; path = Info.plist; sourceTree = "<group>"; };
		9930FF305EE84BF3B89E0EE6 /* imgui_internal.h */ = {isa = PBXFileReference; lastKnownFileType = sourcecode.c.h; name = imgui_internal.h; path = "../../../../_Cinder-ImGui/lib/imgui/imgui_internal.h"; sourceTree = "<group>"; };
		B36B3D1B4A7C4897AFF02E0C /* imgui.h */ = {isa = PBXFileReference; lastKnownFileType = sourcecode.c.h; name = imgui.h; path = "../../../../_Cinder-ImGui/lib/imgui/imgui.h"; sourceTree = "<group>"; };
		C082DD0A07624F59A12F773C /* CinderImGui.cpp */ = {isa = PBXFileReference; lastKnownFileType = sourcecode.c.cpp; name = CinderImGui.cpp; path = "../../../../_Cinder-ImGui/src/CinderImGui.cpp"; sourceTree = "<group>"; };
		C0C986A1483749F29A8B62AE /* UpdateDrawables.h */ = {isa = PBXFileReference; lastKnownFileType = sourcecode.c.h; name = UpdateDrawables.h; path = ../../../src/Utils/UpdateDrawables.h; sourceTree = "<group>"; };
		CED64CF018314CCEB9B80A21 /* Transform.h */ = {isa = PBXFileReference; lastKnownFileType = sourcecode.c.h; name = Transform.h; path = ../../../src/Utils/Transform.h; sourceTree = "<group>"; };
		D444EF652BF74D80AB038F80 /* DrawSystem.cpp */ = {isa = PBXFileReference; lastKnownFileType = sourcecode.c.cpp; name = DrawSystem.cpp; path = ../../../src/Utils/DrawSystem.cpp; sourceTree = "<group>"; };
		D74B3E3796614E7C850B5E8C /* imgui_user.inl */ = {isa = PBXFileReference; lastKnownFileType = "\"\""; name = imgui_user.inl; path = "../../../../_Cinder-ImGui/include/imgui_user.inl"; sourceTree = "<group>"; };
		DAD2154E2FCE468B95F8FC0A /* Component.h */ = {isa = PBXFileReference; lastKnownFileType = sourcecode.c.h; name = Component.h; path = ../../../src/ecs/Component.h; sourceTree = "<group>"; };
		DAF226EB6D984318BB13C9DB /* CinderApp.icns */ = {isa = PBXFileReference; lastKnownFileType = image.icns; name = CinderApp.icns; path = ../resources/CinderApp.icns; sourceTree = "<group>"; };
		F818E405E8DA4150A207CE4D /* Factory.h */ = {isa = PBXFileReference; lastKnownFileType = sourcecode.c.h; name = Factory.h; path = ../../../src/Utils/Factory.h; sourceTree = "<group>"; };
		F82E04B4040B4387BC2ACB6B /* imgui_user.h */ = {isa = PBXFileReference; lastKnownFileType = sourcecode.c.h; name = imgui_user.h; path = "../../../../_Cinder-ImGui/include/imgui_user.h"; sourceTree = "<group>"; };
		FB5FE6950E7B4294AFF6EFDD /* imgui_draw.cpp */ = {isa = PBXFileReference; lastKnownFileType = sourcecode.c.cpp; name = imgui_draw.cpp; path = "../../../../_Cinder-ImGui/lib/imgui/imgui_draw.cpp"; sourceTree = "<group>"; };
		FE78FB1A09DE4EC59B06EC84 /* Entity.h */ = {isa = PBXFileReference; lastKnownFileType = sourcecode.c.h; name = Entity.h; path = ../../../src/ecs/Entity.h; sourceTree = "<group>"; };
/* End PBXFileReference section */

/* Begin PBXFrameworksBuildPhase section */
		8D11072E0486CEB800E47090 /* Frameworks */ = {
			isa = PBXFrameworksBuildPhase;
			buildActionMask = 2147483647;
			files = (
				006D720419952D00008149E2 /* AVFoundation.framework in Frameworks */,
				006D720519952D00008149E2 /* CoreMedia.framework in Frameworks */,
				8D11072F0486CEB800E47090 /* Cocoa.framework in Frameworks */,
				0091D8F90E81B9330029341E /* OpenGL.framework in Frameworks */,
				5323E6B20EAFCA74003A9687 /* CoreVideo.framework in Frameworks */,
				00B784B30FF439BC000DE1D7 /* Accelerate.framework in Frameworks */,
				00B784B40FF439BC000DE1D7 /* AudioToolbox.framework in Frameworks */,
				00B784B50FF439BC000DE1D7 /* AudioUnit.framework in Frameworks */,
				00B784B60FF439BC000DE1D7 /* CoreAudio.framework in Frameworks */,
				00B9955A1B128DF400A5C623 /* IOKit.framework in Frameworks */,
				00B9955B1B128DF400A5C623 /* IOSurface.framework in Frameworks */,
			);
			runOnlyForDeploymentPostprocessing = 0;
		};
/* End PBXFrameworksBuildPhase section */

/* Begin PBXGroup section */
		01B97315FEAEA392516A2CEA /* Blocks */ = {
			isa = PBXGroup;
			children = (
				D4838F8A7FEA49BA8C8C6545 /* ImGui */,
				D13894B0DF234E7AB2304E9C /* ECS */,
			);
			name = Blocks;
			sourceTree = "<group>";
		};
		080E96DDFE201D6D7F000001 /* Source */ = {
			isa = PBXGroup;
			children = (
				9054C71A78984189A77825A2 /* rawptrApp.cpp */,
			);
			name = Source;
			sourceTree = "<group>";
		};
		1058C7A0FEA54F0111CA2CBB /* Linked Frameworks */ = {
			isa = PBXGroup;
			children = (
				006D720219952D00008149E2 /* AVFoundation.framework */,
				006D720319952D00008149E2 /* CoreMedia.framework */,
				00B784AF0FF439BC000DE1D7 /* Accelerate.framework */,
				00B784B00FF439BC000DE1D7 /* AudioToolbox.framework */,
				00B784B10FF439BC000DE1D7 /* AudioUnit.framework */,
				00B784B20FF439BC000DE1D7 /* CoreAudio.framework */,
				5323E6B10EAFCA74003A9687 /* CoreVideo.framework */,
				0091D8F80E81B9330029341E /* OpenGL.framework */,
				1058C7A1FEA54F0111CA2CBB /* Cocoa.framework */,
				00B995581B128DF400A5C623 /* IOKit.framework */,
				00B995591B128DF400A5C623 /* IOSurface.framework */,
			);
			name = "Linked Frameworks";
			sourceTree = "<group>";
		};
		1058C7A2FEA54F0111CA2CBB /* Other Frameworks */ = {
			isa = PBXGroup;
			children = (
				29B97324FDCFA39411CA2CEA /* AppKit.framework */,
				29B97325FDCFA39411CA2CEA /* Foundation.framework */,
			);
			name = "Other Frameworks";
			sourceTree = "<group>";
		};
		19C28FACFE9D520D11CA2CBB /* Products */ = {
			isa = PBXGroup;
			children = (
				8D1107320486CEB800E47090 /* rawptr.app */,
			);
			name = Products;
			sourceTree = "<group>";
		};
		29B97314FDCFA39411CA2CEA /* rawptr */ = {
			isa = PBXGroup;
			children = (
				01B97315FEAEA392516A2CEA /* Blocks */,
				29B97315FDCFA39411CA2CEA /* Headers */,
				080E96DDFE201D6D7F000001 /* Source */,
				29B97317FDCFA39411CA2CEA /* Resources */,
				29B97323FDCFA39411CA2CEA /* Frameworks */,
				19C28FACFE9D520D11CA2CBB /* Products */,
			);
			name = rawptr;
			sourceTree = "<group>";
		};
		29B97315FDCFA39411CA2CEA /* Headers */ = {
			isa = PBXGroup;
			children = (
				532B9B0535BA4295B17279EC /* Resources.h */,
				94FDC579CF074FB199C7BCB9 /* rawptr_Prefix.pch */,
			);
			name = Headers;
			sourceTree = "<group>";
		};
		29B97317FDCFA39411CA2CEA /* Resources */ = {
			isa = PBXGroup;
			children = (
				DAF226EB6D984318BB13C9DB /* CinderApp.icns */,
				981DC998D1134035BE97D04C /* Info.plist */,
			);
			name = Resources;
			sourceTree = "<group>";
		};
		29B97323FDCFA39411CA2CEA /* Frameworks */ = {
			isa = PBXGroup;
			children = (
				1058C7A0FEA54F0111CA2CBB /* Linked Frameworks */,
				1058C7A2FEA54F0111CA2CBB /* Other Frameworks */,
			);
			name = Frameworks;
			sourceTree = "<group>";
		};
		50E76ABE47104511ACDD389D /* src */ = {
			isa = PBXGroup;
			children = (
				C082DD0A07624F59A12F773C /* CinderImGui.cpp */,
			);
			name = src;
			sourceTree = "<group>";
		};
		72AB5F41B3024AFDB6EFA722 /* include */ = {
			isa = PBXGroup;
			children = (
				8E56F2F6C28146C08BA1A724 /* CinderImGui.h */,
				F82E04B4040B4387BC2ACB6B /* imgui_user.h */,
				D74B3E3796614E7C850B5E8C /* imgui_user.inl */,
			);
			name = include;
			sourceTree = "<group>";
		};
		7FE90C1974E0484E9C27A358 /* lib */ = {
			isa = PBXGroup;
			children = (
				9D0D6222230D41B1BC7996CC /* imgui */,
			);
			name = lib;
			sourceTree = "<group>";
		};
		9D0D6222230D41B1BC7996CC /* imgui */ = {
			isa = PBXGroup;
			children = (
				1EFFD23F080E43BF80D3257F /* imconfig.h */,
				B36B3D1B4A7C4897AFF02E0C /* imgui.h */,
				9930FF305EE84BF3B89E0EE6 /* imgui_internal.h */,
				586864210E574F499087BAB7 /* imgui.cpp */,
				FB5FE6950E7B4294AFF6EFDD /* imgui_draw.cpp */,
				8785915FB59442D694DF2EE8 /* imgui_demo.cpp */,
			);
			name = imgui;
			sourceTree = "<group>";
		};
		CB6B13B92A9049F9A235D6B5 /* ecs */ = {
			isa = PBXGroup;
			children = (
				DAD2154E2FCE468B95F8FC0A /* Component.h */,
				FE78FB1A09DE4EC59B06EC84 /* Entity.h */,
				1478B227211F4376822DBF15 /* Manager.h */,
				2D64AACB48DA491997E1DC26 /* System.h */,
				3FED81D7E5C84FEE8B54C046 /* Entity.cpp */,
				69F5B82B39E544A695EF5B19 /* System.cpp */,
			);
			name = ecs;
			sourceTree = "<group>";
		};
		D13894B0DF234E7AB2304E9C /* ECS */ = {
			isa = PBXGroup;
			children = (
				D1B2AC7DA8EB429DB222E73A /* src */,
			);
			name = ECS;
			sourceTree = "<group>";
		};
		D1B2AC7DA8EB429DB222E73A /* src */ = {
			isa = PBXGroup;
			children = (
				CB6B13B92A9049F9A235D6B5 /* ecs */,
				E9AEB17650C0463BA940271C /* Utils */,
			);
			name = src;
			sourceTree = "<group>";
		};
		D4838F8A7FEA49BA8C8C6545 /* ImGui */ = {
			isa = PBXGroup;
			children = (
				72AB5F41B3024AFDB6EFA722 /* include */,
				7FE90C1974E0484E9C27A358 /* lib */,
				50E76ABE47104511ACDD389D /* src */,
			);
			name = ImGui;
			sourceTree = "<group>";
		};
		E9AEB17650C0463BA940271C /* Utils */ = {
			isa = PBXGroup;
			children = (
				CED64CF018314CCEB9B80A21 /* Transform.h */,
				61A5F37C4DED44E1A25E8424 /* Transform.cpp */,
				0A63E9B1E5C24400AD4EAB72 /* TransformSystem.h */,
				C0C986A1483749F29A8B62AE /* UpdateDrawables.h */,
				F818E405E8DA4150A207CE4D /* Factory.h */,
				8C814635D4C74E78AA136326 /* DrawSystem.h */,
				D444EF652BF74D80AB038F80 /* DrawSystem.cpp */,
				2985BB4058BC424886CEFAFD /* UpdateDrawables.cpp */,
			);
			name = Utils;
			sourceTree = "<group>";
		};
/* End PBXGroup section */

/* Begin PBXNativeTarget section */
		8D1107260486CEB800E47090 /* rawptr */ = {
			isa = PBXNativeTarget;
			buildConfigurationList = C01FCF4A08A954540054247B /* Build configuration list for PBXNativeTarget "rawptr" */;
			buildPhases = (
				8D1107290486CEB800E47090 /* Resources */,
				8D11072C0486CEB800E47090 /* Sources */,
				8D11072E0486CEB800E47090 /* Frameworks */,
			);
			buildRules = (
			);
			dependencies = (
			);
			name = rawptr;
			productInstallPath = "$(HOME)/Applications";
			productName = rawptr;
			productReference = 8D1107320486CEB800E47090 /* rawptr.app */;
			productType = "com.apple.product-type.application";
		};
/* End PBXNativeTarget section */

/* Begin PBXProject section */
		29B97313FDCFA39411CA2CEA /* Project object */ = {
			isa = PBXProject;
			attributes = {
			};
			buildConfigurationList = C01FCF4E08A954540054247B /* Build configuration list for PBXProject "rawptr" */;
			compatibilityVersion = "Xcode 3.2";
			developmentRegion = English;
			hasScannedForEncodings = 1;
			knownRegions = (
				English,
				Japanese,
				French,
				German,
			);
			mainGroup = 29B97314FDCFA39411CA2CEA /* rawptr */;
			projectDirPath = "";
			projectRoot = "";
			targets = (
				8D1107260486CEB800E47090 /* rawptr */,
			);
		};
/* End PBXProject section */

/* Begin PBXResourcesBuildPhase section */
		8D1107290486CEB800E47090 /* Resources */ = {
			isa = PBXResourcesBuildPhase;
			buildActionMask = 2147483647;
			files = (
				DADE52605B68424BA1B1DB23 /* CinderApp.icns in Resources */,
			);
			runOnlyForDeploymentPostprocessing = 0;
		};
/* End PBXResourcesBuildPhase section */

/* Begin PBXSourcesBuildPhase section */
		8D11072C0486CEB800E47090 /* Sources */ = {
			isa = PBXSourcesBuildPhase;
			buildActionMask = 2147483647;
			files = (
				7AD96DC927E148A38800C1A6 /* rawptrApp.cpp in Sources */,
				5207088B133F411383A484C6 /* CinderImGui.cpp in Sources */,
				BECE1CE59ECE42438CA3534D /* imgui.cpp in Sources */,
				32F913F8D6FF489AA1C07557 /* imgui_draw.cpp in Sources */,
				3F5BC941D93C4FFE8F2E0103 /* imgui_demo.cpp in Sources */,
				6EF54397A28D41088F443B87 /* DrawSystem.cpp in Sources */,
				C8901B70835B4C1CAFE20C88 /* UpdateDrawables.cpp in Sources */,
				1D089174B5C348B8A0C3A097 /* Transform.cpp in Sources */,
				BEE503C8966E42BDA8AC4EDD /* Entity.cpp in Sources */,
				CEEF3427D1A84907AF64AD80 /* System.cpp in Sources */,
			);
			runOnlyForDeploymentPostprocessing = 0;
		};
/* End PBXSourcesBuildPhase section */

/* Begin XCBuildConfiguration section */
		C01FCF4B08A954540054247B /* Debug */ = {
			isa = XCBuildConfiguration;
			buildSettings = {
				COMBINE_HIDPI_IMAGES = YES;
				COPY_PHASE_STRIP = NO;
				DEAD_CODE_STRIPPING = YES;
				GCC_DYNAMIC_NO_PIC = NO;
				GCC_INLINES_ARE_PRIVATE_EXTERN = YES;
				GCC_OPTIMIZATION_LEVEL = 0;
				GCC_PRECOMPILE_PREFIX_HEADER = YES;
				GCC_PREFIX_HEADER = rawptr_Prefix.pch;
				GCC_PREPROCESSOR_DEFINITIONS = (
					"DEBUG=1",
					"$(inherited)",
				);
				GCC_SYMBOLS_PRIVATE_EXTERN = NO;
				INFOPLIST_FILE = Info.plist;
				INSTALL_PATH = "$(HOME)/Applications";
				OTHER_LDFLAGS = "\"$(CINDER_PATH)/lib/macosx/$(CONFIGURATION)/libcinder.a\"";
				PRODUCT_BUNDLE_IDENTIFIER = "org.libcinder.${PRODUCT_NAME:rfc1034identifier}";
				PRODUCT_NAME = rawptr;
				SYMROOT = ./build;
				WRAPPER_EXTENSION = app;
			};
			name = Debug;
		};
		C01FCF4C08A954540054247B /* Release */ = {
			isa = XCBuildConfiguration;
			buildSettings = {
				COMBINE_HIDPI_IMAGES = YES;
				DEAD_CODE_STRIPPING = YES;
				DEBUG_INFORMATION_FORMAT = "dwarf-with-dsym";
				GCC_FAST_MATH = YES;
				GCC_GENERATE_DEBUGGING_SYMBOLS = NO;
				GCC_INLINES_ARE_PRIVATE_EXTERN = YES;
				GCC_OPTIMIZATION_LEVEL = 3;
				GCC_PRECOMPILE_PREFIX_HEADER = YES;
				GCC_PREFIX_HEADER = rawptr_Prefix.pch;
				GCC_PREPROCESSOR_DEFINITIONS = (
					"NDEBUG=1",
					"$(inherited)",
				);
				GCC_SYMBOLS_PRIVATE_EXTERN = NO;
				INFOPLIST_FILE = Info.plist;
				INSTALL_PATH = "$(HOME)/Applications";
				OTHER_LDFLAGS = "\"$(CINDER_PATH)/lib/macosx/$(CONFIGURATION)/libcinder.a\"";
				PRODUCT_BUNDLE_IDENTIFIER = "org.libcinder.${PRODUCT_NAME:rfc1034identifier}";
				PRODUCT_NAME = rawptr;
				STRIP_INSTALLED_PRODUCT = YES;
				SYMROOT = ./build;
				WRAPPER_EXTENSION = app;
			};
			name = Release;
		};
		C01FCF4F08A954540054247B /* Debug */ = {
			isa = XCBuildConfiguration;
			buildSettings = {
				ALWAYS_SEARCH_USER_PATHS = NO;
				CINDER_PATH = ../../../../..;
				CLANG_CXX_LANGUAGE_STANDARD = "c++11";
				CLANG_CXX_LIBRARY = "libc++";
				ENABLE_TESTABILITY = YES;
				GCC_WARN_ABOUT_RETURN_TYPE = YES;
				GCC_WARN_UNUSED_VARIABLE = YES;
				HEADER_SEARCH_PATHS = "\"$(CINDER_PATH)/include\"";
				MACOSX_DEPLOYMENT_TARGET = 10.8;
				ONLY_ACTIVE_ARCH = YES;
				SDKROOT = macosx;
				USER_HEADER_SEARCH_PATHS = "\"$(CINDER_PATH)/include\" ../include \"../../../../_Cinder-ImGui/lib/imgui\" \"../../../../_Cinder-ImGui/include\" ../../../src";
			};
			name = Debug;
		};
		C01FCF5008A954540054247B /* Release */ = {
			isa = XCBuildConfiguration;
			buildSettings = {
				ALWAYS_SEARCH_USER_PATHS = NO;
				CINDER_PATH = ../../../../..;
				CLANG_CXX_LANGUAGE_STANDARD = "c++11";
				CLANG_CXX_LIBRARY = "libc++";
				GCC_WARN_ABOUT_RETURN_TYPE = YES;
				GCC_WARN_UNUSED_VARIABLE = YES;
				HEADER_SEARCH_PATHS = "\"$(CINDER_PATH)/include\"";
				MACOSX_DEPLOYMENT_TARGET = 10.8;
				SDKROOT = macosx;
				USER_HEADER_SEARCH_PATHS = "\"$(CINDER_PATH)/include\" ../include \"../../../../_Cinder-ImGui/lib/imgui\" \"../../../../_Cinder-ImGui/include\" ../../../src";
			};
			name = Release;
		};
/* End XCBuildConfiguration section */

/* Begin XCConfigurationList section */
		C01FCF4A08A954540054247B /* Build configuration list for PBXNativeTarget "rawptr" */ = {
			isa = XCConfigurationList;
			buildConfigurations = (
				C01FCF4B08A954540054247B /* Debug */,
				C01FCF4C08A954540054247B /* Release */,
			);
			defaultConfigurationIsVisible = 0;
			defaultConfigurationName = Release;
		};
		C01FCF4E08A954540054247B /* Build configuration list for PBXProject "rawptr" */ = {
			isa = XCConfigurationList;
			buildConfigurations = (
				C01FCF4F08A954540054247B /* Debug */,
				C01FCF5008A954540054247B /* Release */,
			);
			defaultConfigurationIsVisible = 0;
			defaultConfigurationName = Release;
		};
/* End XCConfigurationList section */
	};
	rootObject = 29B97313FDCFA39411CA2CEA /* Project object */;
}
